
Microsoft Visual Studio Solution File, Format Version 12.00
# Visual Studio Version 16
VisualStudioVersion = 16.0.31911.196
MinimumVisualStudioVersion = 10.0.40219.1
Project("{FAE04EC0-301F-11D3-BF4B-00C04F79EFBC}") = "TimerTask", "TimerTask.csproj", "{4068B2FD-A845-4CF8-9B11-92CA820C6B6A}"
EndProject
Global
	GlobalSection(SolutionConfigurationPlatforms) = preSolution
		Debug|Any CPU = Debug|Any CPU
		Release|Any CPU = Release|Any CPU
	EndGlobalSection
	GlobalSection(ProjectConfigurationPlatforms) = postSolution
		{4068B2FD-A845-4CF8-9B11-92CA820C6B6A}.Debug|Any CPU.ActiveCfg = Debug|Any CPU
		{4068B2FD-A845-4CF8-9B11-92CA820C6B6A}.Debug|Any CPU.Build.0 = Debug|Any CPU
		{4068B2FD-A845-4CF8-9B11-92CA820C6B6A}.Release|Any CPU.ActiveCfg = Release|Any CPU
		{4068B2FD-A845-4CF8-9B11-92CA820C6B6A}.Release|Any CPU.Build.0 = Release|Any CPU
	EndGlobalSection
	GlobalSection(SolutionProperties) = preSolution
		HideSolutionNode = FALSE
	EndGlobalSection
	GlobalSection(ExtensibilityGlobals) = postSolution
		SolutionGuid = {F64E39E5-9CB9-4773-BE13-9CF3EA840998}
	EndGlobalSection
EndGlobal
